{
    "name": "client",
    "version": "0.1.0",
    "lockfileVersion": 3,
    "requires": true,
    "packages": {
        "": {
            "name": "client",
            "version": "0.1.0",
            "hasInstallScript": true,
            "dependencies": {
                "@fontsource/ubuntu": "^4.5.11",
                "@fortawesome/fontawesome-free": "^6.3.0",
                "@sveltejs/adapter-node": "^1.2.3",
                "@sveltejs/adapter-static": "^2.0.1",
                "axios": "^1.3.4",
                "express": "^4.18.2",
                "moment": "^2.29.4",
                "svelte-adapter-bun": "^0.4.3"
            },
            "devDependencies": {
                "@sveltejs/adapter-auto": "^2.0.0",
                "@sveltejs/kit": "^1.12.0",
                "@types/moment": "^2.13.0",
                "@types/node": "^18.15.3",
                "@typescript-eslint/eslint-plugin": "^5.55.0",
                "@typescript-eslint/parser": "^5.55.0",
                "@vite-pwa/sveltekit": "^0.1.3",
                "colorette": "^2.0.19",
                "esbuild": "^0.17.12",
                "eslint": "^8.36.0",
                "eslint-config-prettier": "^8.7.0",
                "eslint-plugin-svelte3": "^4.0.0",
                "prettier": "^2.8.4",
                "prettier-plugin-svelte": "^2.9.0",
                "sass": "^1.59.3",
                "svelte": "^3.57.0",
                "svelte-check": "^3.1.4",
                "ts-node": "^10.9.1",
                "tslib": "^2.5.0",
                "typescript": "^5.0.2",
                "vite": "^4.3.7",
                "vite-plugin-pwa": "^0.14.4"
            },
            "optionalDependencies": {
                "puppeteer": "^19.7.5"
            }
        },
        "../../node_modules/.pnpm/@fontsource+ubuntu@4.5.11/node_modules/@fontsource/ubuntu": {
            "version": "4.5.11",
            "license": "MIT"
        },
        "../../node_modules/.pnpm/@fortawesome+fontawesome-free@6.4.0/node_modules/@fortawesome/fontawesome-free": {
            "version": "6.4.0",
            "hasInstallScript": true,
            "license": "(CC-BY-4.0 AND OFL-1.1 AND MIT)",
            "engines": {
                "node": ">=6"
            }
        },
        "../../node_modules/.pnpm/@sveltejs+adapter-auto@2.1.0_@sveltejs+kit@1.18.0/node_modules/@sveltejs/adapter-auto": {
            "version": "2.1.0",
            "dev": true,
            "license": "MIT",
            "dependencies": {
                "import-meta-resolve": "^3.0.0"
            },
            "devDependencies": {
                "@sveltejs/kit": "^1.17.0",
                "@types/node": "^16.18.6",
                "typescript": "^4.9.4"
            },
            "peerDependencies": {
                "@sveltejs/kit": "^1.0.0"
            }
        },
        "../../node_modules/.pnpm/@sveltejs+adapter-node@1.2.4_@sveltejs+kit@1.18.0/node_modules/@sveltejs/adapter-node": {
            "version": "1.2.4",
            "license": "MIT",
            "dependencies": {
                "@rollup/plugin-commonjs": "^24.0.0",
                "@rollup/plugin-json": "^6.0.0",
                "@rollup/plugin-node-resolve": "^15.0.1",
                "rollup": "^3.7.0"
            },
            "devDependencies": {
                "@polka/url": "^1.0.0-next.21",
                "@sveltejs/kit": "^1.15.9",
                "@types/node": "^16.18.6",
                "c8": "^7.13.0",
                "polka": "^1.0.0-next.22",
                "rimraf": "^5.0.0",
                "sirv": "^2.0.3",
                "typescript": "^4.9.4",
                "uvu": "^0.5.6"
            },
            "peerDependencies": {
                "@sveltejs/kit": "^1.0.0"
            }
        },
        "../../node_modules/.pnpm/@sveltejs+adapter-static@2.0.2_@sveltejs+kit@1.18.0/node_modules/@sveltejs/adapter-static": {
            "version": "2.0.2",
            "license": "MIT",
            "devDependencies": {
                "@sveltejs/kit": "^1.15.3",
                "@types/node": "^16.18.6",
                "sirv": "^2.0.2",
                "svelte": "^3.56.0",
                "typescript": "^4.9.4",
                "uvu": "^0.5.6",
                "vite": "^4.2.0"
            },
            "peerDependencies": {
                "@sveltejs/kit": "^1.5.0"
            }
        },
        "../../node_modules/.pnpm/@sveltejs+kit@1.18.0_svelte@3.59.1+vite@4.3.8/node_modules/@sveltejs/kit": {
            "version": "1.18.0",
            "dev": true,
            "hasInstallScript": true,
            "license": "MIT",
            "dependencies": {
                "@sveltejs/vite-plugin-svelte": "^2.1.1",
                "@types/cookie": "^0.5.1",
                "cookie": "^0.5.0",
                "devalue": "^4.3.1",
                "esm-env": "^1.0.0",
                "kleur": "^4.1.5",
                "magic-string": "^0.30.0",
                "mime": "^3.0.0",
                "sade": "^1.8.1",
                "set-cookie-parser": "^2.6.0",
                "sirv": "^2.0.2",
                "tiny-glob": "^0.2.9",
                "undici": "~5.22.0"
            },
            "bin": {
                "svelte-kit": "svelte-kit.js"
            },
            "devDependencies": {
                "@playwright/test": "1.30.0",
                "@types/connect": "^3.4.35",
                "@types/marked": "^4.0.7",
                "@types/mime": "^3.0.1",
                "@types/node": "^16.18.6",
                "@types/sade": "^1.7.4",
                "@types/set-cookie-parser": "^2.4.2",
                "marked": "^4.2.3",
                "rollup": "^3.7.0",
                "svelte": "^3.56.0",
                "svelte-preprocess": "^5.0.3",
                "typescript": "^4.9.4",
                "vite": "^4.3.6",
                "vitest": "^0.31.0"
            },
            "engines": {
                "node": "^16.14 || >=18"
            },
            "peerDependencies": {
                "svelte": "^3.54.0",
                "vite": "^4.0.0"
            }
        },
        "../../node_modules/.pnpm/@types+moment@2.13.0/node_modules/@types/moment": {
            "version": "2.13.0",
            "dev": true,
            "license": "MIT",
            "dependencies": {
                "moment": "*"
            }
        },
        "../../node_modules/.pnpm/@types+node@18.16.14/node_modules/@types/node": {
            "version": "18.16.14",
            "dev": true,
            "license": "MIT"
        },
        "../../node_modules/.pnpm/@typescript-eslint+eslint-plugin@5.59.7_e0202b5b6b61dbedaf32f10c958aa62a/node_modules/@typescript-eslint/eslint-plugin": {
            "version": "5.59.7",
            "dev": true,
            "license": "MIT",
            "dependencies": {
                "@eslint-community/regexpp": "^4.4.0",
                "@typescript-eslint/scope-manager": "5.59.7",
                "@typescript-eslint/type-utils": "5.59.7",
                "@typescript-eslint/utils": "5.59.7",
                "debug": "^4.3.4",
                "grapheme-splitter": "^1.0.4",
                "ignore": "^5.2.0",
                "natural-compare-lite": "^1.4.0",
                "semver": "^7.3.7",
                "tsutils": "^3.21.0"
            },
            "devDependencies": {
                "@types/debug": "*",
                "@types/json-schema": "*",
                "@types/marked": "*",
                "@types/natural-compare-lite": "^1.4.0",
                "@types/prettier": "*",
                "chalk": "^5.0.1",
                "cross-fetch": "^3.1.5",
                "grapheme-splitter": "^1.0.4",
                "json-schema": "*",
                "markdown-table": "^3.0.2",
                "marked": "^4.0.15",
                "prettier": "*",
                "title-case": "^3.0.3",
                "typescript": "*"
            },
            "engines": {
                "node": "^12.22.0 || ^14.17.0 || >=16.0.0"
            },
            "funding": {
                "type": "opencollective",
                "url": "https://opencollective.com/typescript-eslint"
            },
            "peerDependencies": {
                "@typescript-eslint/parser": "^5.0.0",
                "eslint": "^6.0.0 || ^7.0.0 || ^8.0.0"
            },
            "peerDependenciesMeta": {
                "typescript": {
                    "optional": true
                }
            }
        },
        "../../node_modules/.pnpm/@typescript-eslint+parser@5.59.7_eslint@8.41.0+typescript@5.0.4/node_modules/@typescript-eslint/parser": {
            "version": "5.59.7",
            "dev": true,
            "license": "BSD-2-Clause",
            "dependencies": {
                "@typescript-eslint/scope-manager": "5.59.7",
                "@typescript-eslint/types": "5.59.7",
                "@typescript-eslint/typescript-estree": "5.59.7",
                "debug": "^4.3.4"
            },
            "devDependencies": {
                "@types/glob": "*",
                "glob": "*",
                "typescript": "*"
            },
            "engines": {
                "node": "^12.22.0 || ^14.17.0 || >=16.0.0"
            },
            "funding": {
                "type": "opencollective",
                "url": "https://opencollective.com/typescript-eslint"
            },
            "peerDependencies": {
                "eslint": "^6.0.0 || ^7.0.0 || ^8.0.0"
            },
            "peerDependenciesMeta": {
                "typescript": {
                    "optional": true
                }
            }
        },
        "../../node_modules/.pnpm/@vite-pwa+sveltekit@0.1.3_b7911803b290d12f48c33dcd362a7e90/node_modules/@vite-pwa/sveltekit": {
            "version": "0.1.3",
            "dev": true,
            "license": "MIT",
            "devDependencies": {
                "@antfu/eslint-config": "^0.35.2",
                "@antfu/ni": "^0.19.0",
                "@types/debug": "^4.1.7",
                "@types/node": "^18.13.0",
                "@types/workbox-build": "^5.0.1",
                "@typescript-eslint/eslint-plugin": "^5.51.0",
                "bumpp": "^8.2.1",
                "eslint": "^8.33.0",
                "svelte": "^3.54.0",
                "typescript": "^4.9.5",
                "unbuild": "^1.1.1",
                "vite": "^4.0.0",
                "vite-plugin-pwa": "^0.14.2"
            },
            "engines": {
                "node": ">=16.14"
            },
            "funding": {
                "url": "https://github.com/sponsors/antfu"
            },
            "peerDependencies": {
                "@sveltejs/kit": "^1.0.0",
                "vite-plugin-pwa": "^0.14.0"
            }
        },
        "../../node_modules/.pnpm/colorette@2.0.20/node_modules/colorette": {
            "version": "2.0.20",
            "dev": true,
            "license": "MIT",
            "devDependencies": {
                "c8": "*",
                "twist": "*"
            }
        },
        "../../node_modules/.pnpm/esbuild@0.17.19/node_modules/esbuild": {
            "version": "0.17.19",
            "dev": true,
            "hasInstallScript": true,
            "license": "MIT",
            "bin": {
                "esbuild": "bin/esbuild"
            },
            "engines": {
                "node": ">=12"
            },
            "optionalDependencies": {
                "@esbuild/android-arm": "0.17.19",
                "@esbuild/android-arm64": "0.17.19",
                "@esbuild/android-x64": "0.17.19",
                "@esbuild/darwin-arm64": "0.17.19",
                "@esbuild/darwin-x64": "0.17.19",
                "@esbuild/freebsd-arm64": "0.17.19",
                "@esbuild/freebsd-x64": "0.17.19",
                "@esbuild/linux-arm": "0.17.19",
                "@esbuild/linux-arm64": "0.17.19",
                "@esbuild/linux-ia32": "0.17.19",
                "@esbuild/linux-loong64": "0.17.19",
                "@esbuild/linux-mips64el": "0.17.19",
                "@esbuild/linux-ppc64": "0.17.19",
                "@esbuild/linux-riscv64": "0.17.19",
                "@esbuild/linux-s390x": "0.17.19",
                "@esbuild/linux-x64": "0.17.19",
                "@esbuild/netbsd-x64": "0.17.19",
                "@esbuild/openbsd-x64": "0.17.19",
                "@esbuild/sunos-x64": "0.17.19",
                "@esbuild/win32-arm64": "0.17.19",
                "@esbuild/win32-ia32": "0.17.19",
                "@esbuild/win32-x64": "0.17.19"
            }
        },
        "../../node_modules/.pnpm/eslint-config-prettier@8.8.0_eslint@8.41.0/node_modules/eslint-config-prettier": {
            "version": "8.8.0",
            "dev": true,
            "license": "MIT",
            "bin": {
                "eslint-config-prettier": "bin/cli.js"
            },
            "peerDependencies": {
                "eslint": ">=7.0.0"
            }
        },
        "../../node_modules/.pnpm/eslint-plugin-svelte3@4.0.0_eslint@8.41.0+svelte@3.59.1/node_modules/eslint-plugin-svelte3": {
            "version": "4.0.0",
            "dev": true,
            "license": "MIT",
            "devDependencies": {
                "@rollup/plugin-node-resolve": "^13.1.3",
                "@typescript-eslint/eslint-plugin": "^5.18.0",
                "@typescript-eslint/parser": "^5.18.0",
                "eslint": ">=8.0.0",
                "rollup": "^2",
                "sourcemap-codec": "1.4.8",
                "svelte": "^3.2.0",
                "typescript": "^4.6.3"
            },
            "peerDependencies": {
                "eslint": ">=8.0.0",
                "svelte": "^3.2.0"
            }
        },
        "../../node_modules/.pnpm/eslint@8.41.0/node_modules/eslint": {
            "version": "8.41.0",
            "dev": true,
            "license": "MIT",
            "dependencies": {
                "@eslint-community/eslint-utils": "^4.2.0",
                "@eslint-community/regexpp": "^4.4.0",
                "@eslint/eslintrc": "^2.0.3",
                "@eslint/js": "8.41.0",
                "@humanwhocodes/config-array": "^0.11.8",
                "@humanwhocodes/module-importer": "^1.0.1",
                "@nodelib/fs.walk": "^1.2.8",
                "ajv": "^6.10.0",
                "chalk": "^4.0.0",
                "cross-spawn": "^7.0.2",
                "debug": "^4.3.2",
                "doctrine": "^3.0.0",
                "escape-string-regexp": "^4.0.0",
                "eslint-scope": "^7.2.0",
                "eslint-visitor-keys": "^3.4.1",
                "espree": "^9.5.2",
                "esquery": "^1.4.2",
                "esutils": "^2.0.2",
                "fast-deep-equal": "^3.1.3",
                "file-entry-cache": "^6.0.1",
                "find-up": "^5.0.0",
                "glob-parent": "^6.0.2",
                "globals": "^13.19.0",
                "graphemer": "^1.4.0",
                "ignore": "^5.2.0",
                "import-fresh": "^3.0.0",
                "imurmurhash": "^0.1.4",
                "is-glob": "^4.0.0",
                "is-path-inside": "^3.0.3",
                "js-yaml": "^4.1.0",
                "json-stable-stringify-without-jsonify": "^1.0.1",
                "levn": "^0.4.1",
                "lodash.merge": "^4.6.2",
                "minimatch": "^3.1.2",
                "natural-compare": "^1.4.0",
                "optionator": "^0.9.1",
                "strip-ansi": "^6.0.1",
                "strip-json-comments": "^3.1.0",
                "text-table": "^0.2.0"
            },
            "bin": {
                "eslint": "bin/eslint.js"
            },
            "devDependencies": {
                "@babel/core": "^7.4.3",
                "@babel/preset-env": "^7.4.3",
                "babel-loader": "^8.0.5",
                "c8": "^7.12.0",
                "chai": "^4.0.1",
                "cheerio": "^0.22.0",
                "common-tags": "^1.8.0",
                "core-js": "^3.1.3",
                "ejs": "^3.0.2",
                "eslint": "file:.",
                "eslint-config-eslint": "file:packages/eslint-config-eslint",
                "eslint-plugin-eslint-comments": "^3.2.0",
                "eslint-plugin-eslint-plugin": "^4.4.0",
                "eslint-plugin-internal-rules": "file:tools/internal-rules",
                "eslint-plugin-jsdoc": "^38.1.6",
                "eslint-plugin-n": "^15.2.4",
                "eslint-plugin-unicorn": "^42.0.0",
                "eslint-release": "^3.2.0",
                "eslump": "^3.0.0",
                "esprima": "^4.0.1",
                "fast-glob": "^3.2.11",
                "fs-teardown": "^0.1.3",
                "glob": "^7.1.6",
                "got": "^11.8.3",
                "gray-matter": "^4.0.3",
                "karma": "^6.1.1",
                "karma-chrome-launcher": "^3.1.0",
                "karma-mocha": "^2.0.1",
                "karma-mocha-reporter": "^2.2.5",
                "karma-webpack": "^5.0.0",
                "lint-staged": "^11.0.0",
                "load-perf": "^0.2.0",
                "markdownlint": "^0.25.1",
                "markdownlint-cli": "^0.31.1",
                "marked": "^4.0.8",
                "memfs": "^3.0.1",
                "metascraper": "^5.25.7",
                "metascraper-description": "^5.25.7",
                "metascraper-image": "^5.29.3",
                "metascraper-logo": "^5.25.7",
                "metascraper-logo-favicon": "^5.25.7",
                "metascraper-title": "^5.25.7",
                "mocha": "^8.3.2",
                "mocha-junit-reporter": "^2.0.0",
                "node-polyfill-webpack-plugin": "^1.0.3",
                "npm-license": "^0.3.3",
                "pirates": "^4.0.5",
                "progress": "^2.0.3",
                "proxyquire": "^2.0.1",
                "puppeteer": "^13.7.0",
                "recast": "^0.20.4",
                "regenerator-runtime": "^0.13.2",
                "semver": "^7.3.5",
                "shelljs": "^0.8.2",
                "sinon": "^11.0.0",
                "temp": "^0.9.0",
                "webpack": "^5.23.0",
                "webpack-cli": "^4.5.0",
                "yorkie": "^2.0.0"
            },
            "engines": {
                "node": "^12.22.0 || ^14.17.0 || >=16.0.0"
            },
            "funding": {
                "url": "https://opencollective.com/eslint"
            }
        },
        "../../node_modules/.pnpm/express@4.18.2/node_modules/express": {
            "version": "4.18.2",
            "license": "MIT",
            "dependencies": {
                "accepts": "~1.3.8",
                "array-flatten": "1.1.1",
                "body-parser": "1.20.1",
                "content-disposition": "0.5.4",
                "content-type": "~1.0.4",
                "cookie": "0.5.0",
                "cookie-signature": "1.0.6",
                "debug": "2.6.9",
                "depd": "2.0.0",
                "encodeurl": "~1.0.2",
                "escape-html": "~1.0.3",
                "etag": "~1.8.1",
                "finalhandler": "1.2.0",
                "fresh": "0.5.2",
                "http-errors": "2.0.0",
                "merge-descriptors": "1.0.1",
                "methods": "~1.1.2",
                "on-finished": "2.4.1",
                "parseurl": "~1.3.3",
                "path-to-regexp": "0.1.7",
                "proxy-addr": "~2.0.7",
                "qs": "6.11.0",
                "range-parser": "~1.2.1",
                "safe-buffer": "5.2.1",
                "send": "0.18.0",
                "serve-static": "1.15.0",
                "setprototypeof": "1.2.0",
                "statuses": "2.0.1",
                "type-is": "~1.6.18",
                "utils-merge": "1.0.1",
                "vary": "~1.1.2"
            },
            "devDependencies": {
                "after": "0.8.2",
                "connect-redis": "3.4.2",
                "cookie-parser": "1.4.6",
                "cookie-session": "2.0.0",
                "ejs": "3.1.8",
                "eslint": "8.24.0",
                "express-session": "1.17.2",
                "hbs": "4.2.0",
                "marked": "0.7.0",
                "method-override": "3.0.0",
                "mocha": "10.0.0",
                "morgan": "1.10.0",
                "multiparty": "4.2.3",
                "nyc": "15.1.0",
                "pbkdf2-password": "1.2.1",
                "supertest": "6.3.0",
                "vhost": "~3.0.2"
            },
            "engines": {
                "node": ">= 0.10.0"
            }
        },
        "../../node_modules/.pnpm/moment@2.29.4/node_modules/moment": {
            "version": "2.29.4",
            "license": "MIT",
            "devDependencies": {
                "benchmark": "latest",
                "coveralls": "latest",
                "cross-env": "^6.0.3",
                "es6-promise": "latest",
                "eslint": "~6",
                "grunt": "latest",
                "grunt-benchmark": "latest",
                "grunt-cli": "latest",
                "grunt-contrib-clean": "latest",
                "grunt-contrib-concat": "latest",
                "grunt-contrib-copy": "latest",
                "grunt-contrib-uglify": "latest",
                "grunt-contrib-watch": "latest",
                "grunt-env": "latest",
                "grunt-exec": "latest",
                "grunt-karma": "latest",
                "grunt-nuget": "latest",
                "grunt-string-replace": "latest",
                "karma": "latest",
                "karma-chrome-launcher": "latest",
                "karma-firefox-launcher": "latest",
                "karma-qunit": "latest",
                "karma-sauce-launcher": "4.1.4",
                "load-grunt-tasks": "latest",
                "lodash": ">=4.17.19",
                "node-qunit": "latest",
                "nyc": "latest",
                "prettier": "latest",
                "qunit": "^2.10.0",
                "rollup": "2.17.1",
                "typescript": "^1.8.10",
                "typescript3": "npm:typescript@^3.1.6",
                "uglify-js": "latest"
            },
            "engines": {
                "node": "*"
            }
        },
        "../../node_modules/.pnpm/prettier-plugin-svelte@2.10.0_prettier@2.8.8+svelte@3.59.1/node_modules/prettier-plugin-svelte": {
            "version": "2.10.0",
            "dev": true,
            "license": "MIT",
            "devDependencies": {
                "@prettier/plugin-pug": "^1.16.0",
                "@rollup/plugin-commonjs": "14.0.0",
                "@rollup/plugin-node-resolve": "11.0.1",
                "@types/node": "^10.12.18",
                "@types/prettier": "^2.4.1",
                "ava": "3.15.0",
                "prettier": "^2.7.1",
                "rollup": "2.36.0",
                "rollup-plugin-typescript": "1.0.1",
                "svelte": "^3.57.0",
                "ts-node": "^9.1.1",
                "tslib": "^2.0.3",
                "typescript": "4.1.3"
            },
            "peerDependencies": {
                "prettier": "^1.16.4 || ^2.0.0",
                "svelte": "^3.2.0"
            }
        },
        "../../node_modules/.pnpm/prettier@2.8.8/node_modules/prettier": {
            "version": "2.8.8",
            "dev": true,
            "license": "MIT",
            "bin": {
                "prettier": "bin-prettier.js"
            },
            "engines": {
                "node": ">=10.13.0"
            },
            "funding": {
                "url": "https://github.com/prettier/prettier?sponsor=1"
            }
        },
        "../../node_modules/.pnpm/puppeteer@19.11.1_typescript@5.0.4/node_modules/puppeteer": {
            "version": "19.11.1",
            "hasInstallScript": true,
            "license": "Apache-2.0",
            "optional": true,
            "dependencies": {
                "@puppeteer/browsers": "0.5.0",
                "cosmiconfig": "8.1.3",
                "https-proxy-agent": "5.0.1",
                "progress": "2.0.3",
                "proxy-from-env": "1.1.0",
                "puppeteer-core": "19.11.1"
            }
        },
        "../../node_modules/.pnpm/sass@1.62.1/node_modules/sass": {
            "version": "1.62.1",
            "dev": true,
            "license": "MIT",
            "dependencies": {
                "chokidar": ">=3.0.0 <4.0.0",
                "immutable": "^4.0.0",
                "source-map-js": ">=0.6.2 <2.0.0"
            },
            "bin": {
                "sass": "sass.js"
            },
            "engines": {
                "node": ">=14.0.0"
            }
        },
        "../../node_modules/.pnpm/svelte-adapter-bun@0.4.3/node_modules/svelte-adapter-bun": {
            "version": "0.4.3",
            "license": "MIT",
            "dependencies": {
                "tiny-glob": "^0.2.9"
            },
            "devDependencies": {
                "@sveltejs/kit": "^1.1.4",
                "bun-types": "^0.5.0",
                "esbuild": "^0.17.3",
                "formdata-polyfill": "^4.0.10",
                "mrmime": "^1.0.1",
                "parse-multipart-data": "^1.5.0",
                "prettier": "^2.8.3",
                "rimraf": "^4.1.1",
                "totalist": "^3.0.0"
            }
        },
        "../../node_modules/.pnpm/svelte-check@3.3.2_sass@1.62.1+svelte@3.59.1/node_modules/svelte-check": {
            "version": "3.3.2",
            "dev": true,
            "license": "MIT",
            "dependencies": {
                "@jridgewell/trace-mapping": "^0.3.17",
                "chokidar": "^3.4.1",
                "fast-glob": "^3.2.7",
                "import-fresh": "^3.2.1",
                "picocolors": "^1.0.0",
                "sade": "^1.7.4",
                "svelte-preprocess": "^5.0.3",
                "typescript": "^5.0.3"
            },
            "bin": {
                "svelte-check": "bin/svelte-check"
            },
            "devDependencies": {
                "@rollup/plugin-commonjs": "^24.0.0",
                "@rollup/plugin-json": "^6.0.0",
                "@rollup/plugin-node-resolve": "^15.0.0",
                "@rollup/plugin-replace": "5.0.2",
                "@rollup/plugin-typescript": "^10.0.0",
                "@tsconfig/node16": "^1.0.0",
                "@types/sade": "^1.7.2",
                "rollup": "3.7.5",
                "rollup-plugin-cleanup": "^3.2.0",
                "rollup-plugin-copy": "^3.4.0",
                "svelte-language-server": "*",
                "vscode-languageserver": "8.0.2",
                "vscode-languageserver-protocol": "3.17.2",
                "vscode-languageserver-types": "3.17.2",
                "vscode-uri": "~3.0.0"
            },
            "peerDependencies": {
                "svelte": "^3.55.0"
            }
        },
        "../../node_modules/.pnpm/svelte@3.59.1/node_modules/svelte": {
            "version": "3.59.1",
            "dev": true,
            "license": "MIT",
            "devDependencies": {
                "@ampproject/remapping": "^0.3.0",
                "@jridgewell/sourcemap-codec": "^1.4.15",
                "@rollup/plugin-commonjs": "^11.0.0",
                "@rollup/plugin-json": "^6.0.0",
                "@rollup/plugin-node-resolve": "^11.2.1",
                "@rollup/plugin-replace": "^5.0.2",
                "@rollup/plugin-sucrase": "^3.1.0",
                "@rollup/plugin-typescript": "^2.0.1",
                "@rollup/plugin-virtual": "^3.0.1",
                "@sveltejs/eslint-config": "github:sveltejs/eslint-config#v5.8.0",
                "@types/aria-query": "^5.0.1",
                "@types/mocha": "^7.0.0",
                "@types/node": "^8.10.53",
                "@typescript-eslint/eslint-plugin": "^5.29.0",
                "@typescript-eslint/parser": "^5.29.0",
                "acorn": "^8.8.1",
                "agadoo": "^3.0.0",
                "aria-query": "^5.1.3",
                "axobject-query": "^3.1.1",
                "code-red": "^1.0.0",
                "css-tree": "^2.3.1",
                "eslint": "^8.35.0",
                "eslint-plugin-import": "^2.27.0",
                "eslint-plugin-svelte3": "^4.0.0",
                "estree-walker": "^3.0.3",
                "is-reference": "^3.0.1",
                "jsdom": "^15.2.1",
                "kleur": "^4.1.5",
                "locate-character": "^2.0.5",
                "magic-string": "^0.30.0",
                "mocha": "^7.0.0",
                "periscopic": "^3.1.0",
                "puppeteer": "^2.0.0",
                "rollup": "^1.27.14",
                "source-map": "^0.7.4",
                "source-map-support": "^0.5.21",
                "tiny-glob": "^0.2.9",
                "tslib": "^2.5.0",
                "typescript": "^3.7.5",
                "util": "^0.12.5"
            },
            "engines": {
                "node": ">= 8"
            }
        },
        "../../node_modules/.pnpm/ts-node@10.9.1_a733274a154fe4dd7d6afbfbf6b91238/node_modules/ts-node": {
            "version": "10.9.1",
            "dev": true,
            "license": "MIT",
            "dependencies": {
                "@cspotcode/source-map-support": "^0.8.0",
                "@tsconfig/node10": "^1.0.7",
                "@tsconfig/node12": "^1.0.7",
                "@tsconfig/node14": "^1.0.0",
                "@tsconfig/node16": "^1.0.2",
                "acorn": "^8.4.1",
                "acorn-walk": "^8.1.1",
                "arg": "^4.1.0",
                "create-require": "^1.1.0",
                "diff": "^4.0.1",
                "make-error": "^1.1.1",
                "v8-compile-cache-lib": "^3.0.1",
                "yn": "3.1.1"
            },
            "bin": {
                "ts-node": "dist/bin.js",
                "ts-node-cwd": "dist/bin-cwd.js",
                "ts-node-esm": "dist/bin-esm.js",
                "ts-node-script": "dist/bin-script.js",
                "ts-node-transpile-only": "dist/bin-transpile.js",
                "ts-script": "dist/bin-script-deprecated.js"
            },
            "devDependencies": {
                "@microsoft/api-extractor": "^7.19.4",
                "@swc/core": ">=1.2.205",
                "@swc/wasm": ">=1.2.205",
                "@types/diff": "^4.0.2",
                "@types/lodash": "^4.14.151",
                "@types/node": "13.13.5",
                "@types/proper-lockfile": "^4.1.2",
                "@types/proxyquire": "^1.3.28",
                "@types/react": "^16.14.19",
                "@types/rimraf": "^3.0.0",
                "@types/semver": "^7.1.0",
                "@yarnpkg/fslib": "^2.4.0",
                "ava": "^3.15.0",
                "axios": "^0.21.1",
                "dprint": "^0.25.0",
                "expect": "^27.0.2",
                "get-stream": "^6.0.0",
                "lodash": "^4.17.15",
                "ntypescript": "^1.201507091536.1",
                "nyc": "^15.0.1",
                "outdent": "^0.8.0",
                "proper-lockfile": "^4.1.2",
                "proxyquire": "^2.0.0",
                "react": "^16.14.0",
                "rimraf": "^3.0.0",
                "semver": "^7.1.3",
                "throat": "^6.0.1",
                "typedoc": "^0.22.10",
                "typescript": "4.7.4",
                "typescript-json-schema": "^0.53.0",
                "util.promisify": "^1.0.1"
            },
            "peerDependencies": {
                "@swc/core": ">=1.2.50",
                "@swc/wasm": ">=1.2.50",
                "@types/node": "*",
                "typescript": ">=2.7"
            },
            "peerDependenciesMeta": {
                "@swc/core": {
                    "optional": true
                },
                "@swc/wasm": {
                    "optional": true
                }
            }
        },
        "../../node_modules/.pnpm/tslib@2.5.2/node_modules/tslib": {
            "version": "2.5.2",
            "dev": true,
            "license": "0BSD"
        },
        "../../node_modules/.pnpm/typescript@5.0.4/node_modules/typescript": {
            "version": "5.0.4",
            "dev": true,
            "license": "Apache-2.0",
            "bin": {
                "tsc": "bin/tsc",
                "tsserver": "bin/tsserver"
            },
            "devDependencies": {
                "@esfx/canceltoken": "^1.0.0",
                "@octokit/rest": "latest",
                "@types/chai": "^4.3.4",
                "@types/fs-extra": "^9.0.13",
                "@types/glob": "^8.1.0",
                "@types/microsoft__typescript-etw": "^0.1.1",
                "@types/minimist": "^1.2.2",
                "@types/mocha": "^10.0.1",
                "@types/ms": "^0.7.31",
                "@types/node": "latest",
                "@types/source-map-support": "^0.5.6",
                "@types/which": "^2.0.1",
                "@typescript-eslint/eslint-plugin": "^5.33.1",
                "@typescript-eslint/parser": "^5.33.1",
                "@typescript-eslint/utils": "^5.33.1",
                "azure-devops-node-api": "^11.2.0",
                "chai": "^4.3.7",
                "chalk": "^4.1.2",
                "chokidar": "^3.5.3",
                "del": "^6.1.1",
                "diff": "^5.1.0",
                "esbuild": "^0.17.2",
                "eslint": "^8.22.0",
                "eslint-formatter-autolinkable-stylish": "^1.2.0",
                "eslint-plugin-import": "^2.26.0",
                "eslint-plugin-local": "^1.0.0",
                "eslint-plugin-no-null": "^1.0.2",
                "eslint-plugin-simple-import-sort": "^10.0.0",
                "fast-xml-parser": "^4.0.11",
                "fs-extra": "^9.1.0",
                "glob": "^8.1.0",
                "hereby": "^1.6.4",
                "jsonc-parser": "^3.2.0",
                "minimist": "^1.2.8",
                "mocha": "^10.2.0",
                "mocha-fivemat-progress-reporter": "^0.1.0",
                "ms": "^2.1.3",
                "node-fetch": "^3.2.10",
                "source-map-support": "^0.5.21",
                "typescript": "5.0.0-dev.20230112",
                "which": "^2.0.2"
            },
            "engines": {
                "node": ">=12.20"
            }
        },
        "../../node_modules/.pnpm/vite-plugin-pwa@0.14.7_vite@4.3.8/node_modules/vite-plugin-pwa": {
            "version": "0.14.7",
            "dev": true,
            "license": "MIT",
            "dependencies": {
                "@rollup/plugin-replace": "^5.0.1",
                "debug": "^4.3.4",
                "fast-glob": "^3.2.12",
                "pretty-bytes": "^6.0.0",
                "rollup": "^3.7.2",
                "workbox-build": "^6.5.4",
                "workbox-window": "^6.5.4"
            },
            "devDependencies": {
                "@antfu/eslint-config": "^0.33.1",
                "@antfu/ni": "^0.18.8",
                "@types/debug": "^4.1.7",
                "@types/node": "^18.11.12",
                "@types/prompts": "^2.4.2",
                "@types/react": "^18.0.26",
                "@types/workbox-build": "^5.0.1",
                "@typescript-eslint/eslint-plugin": "^5.46.0",
                "eslint": "^8.29.0",
                "esno": "0.16.3",
                "kolorist": "^1.6.0",
                "preact": "^10.11.3",
                "prompts": "^2.4.2",
                "react": "^18.2.0",
                "rollup": "^3.7.2",
                "solid-js": "^1.6.4",
                "svelte": "^3.54.0",
                "tsup": "^6.2.3",
                "typescript": "^4.9.4",
                "vite": "^4.0.0",
                "vue": "^3.2.45"
            },
            "funding": {
                "url": "https://github.com/sponsors/antfu"
            },
            "peerDependencies": {
                "vite": "^3.1.0 || ^4.0.0",
                "workbox-build": "^6.5.4",
                "workbox-window": "^6.5.4"
            }
        },
        "../../node_modules/.pnpm/vite@4.3.8_@types+node@18.16.14+sass@1.62.1/node_modules/vite": {
            "version": "4.3.8",
            "dev": true,
            "license": "MIT",
            "dependencies": {
                "esbuild": "^0.17.5",
                "postcss": "^8.4.23",
                "rollup": "^3.21.0"
            },
            "bin": {
                "vite": "bin/vite.js"
            },
            "devDependencies": {
                "@ampproject/remapping": "^2.2.1",
                "@babel/parser": "^7.21.4",
                "@babel/types": "^7.21.4",
                "@jridgewell/trace-mapping": "^0.3.18",
                "@rollup/plugin-alias": "^4.0.4",
                "@rollup/plugin-commonjs": "^24.1.0",
                "@rollup/plugin-dynamic-import-vars": "^2.0.3",
                "@rollup/plugin-json": "^6.0.0",
                "@rollup/plugin-node-resolve": "15.0.2",
                "@rollup/plugin-typescript": "^11.1.0",
                "@rollup/pluginutils": "^5.0.2",
                "@types/escape-html": "^1.0.2",
                "@types/pnpapi": "^0.0.2",
                "acorn": "^8.8.2",
                "acorn-walk": "^8.2.0",
                "cac": "^6.7.14",
                "chokidar": "^3.5.3",
                "connect": "^3.7.0",
                "connect-history-api-fallback": "^2.0.0",
                "convert-source-map": "^2.0.0",
                "cors": "^2.8.5",
                "cross-spawn": "^7.0.3",
                "debug": "^4.3.4",
                "dep-types": "link:./src/types",
                "dotenv": "^16.0.3",
                "dotenv-expand": "^9.0.0",
                "es-module-lexer": "^1.2.1",
                "escape-html": "^1.0.3",
                "estree-walker": "^3.0.3",
                "etag": "^1.8.1",
                "fast-glob": "^3.2.12",
                "http-proxy": "^1.18.1",
                "json-stable-stringify": "^1.0.2",
                "launch-editor-middleware": "^2.6.0",
                "magic-string": "^0.30.0",
                "micromatch": "^4.0.5",
                "mlly": "^1.2.0",
                "mrmime": "^1.0.1",
                "okie": "^1.0.1",
                "open": "^8.4.2",
                "parse5": "^7.1.2",
                "periscopic": "^3.1.0",
                "picocolors": "^1.0.0",
                "picomatch": "^2.3.1",
                "postcss-import": "^15.1.0",
                "postcss-load-config": "^4.0.1",
                "postcss-modules": "^6.0.0",
                "resolve.exports": "^2.0.2",
                "rollup-plugin-license": "^3.0.1",
                "sirv": "^2.0.2",
                "source-map-support": "^0.5.21",
                "strip-ansi": "^7.0.1",
                "strip-literal": "^1.0.1",
                "tsconfck": "^2.1.1",
                "tslib": "^2.5.0",
                "types": "link:./types",
                "ufo": "^1.1.1",
                "ws": "^8.13.0"
            },
            "engines": {
                "node": "^14.18.0 || >=16.0.0"
            },
            "optionalDependencies": {
                "fsevents": "~2.3.2"
            },
            "peerDependencies": {
                "@types/node": ">= 14",
                "less": "*",
                "sass": "*",
                "stylus": "*",
                "sugarss": "*",
                "terser": "^5.4.0"
            },
            "peerDependenciesMeta": {
                "@types/node": {
                    "optional": true
                },
                "less": {
                    "optional": true
                },
                "sass": {
                    "optional": true
                },
                "stylus": {
                    "optional": true
                },
                "sugarss": {
                    "optional": true
                },
                "terser": {
                    "optional": true
                }
            }
        },
        "node_modules/@fontsource/ubuntu": {
            "resolved": "../../node_modules/.pnpm/@fontsource+ubuntu@4.5.11/node_modules/@fontsource/ubuntu",
            "link": true
        },
        "node_modules/@fortawesome/fontawesome-free": {
            "resolved": "../../node_modules/.pnpm/@fortawesome+fontawesome-free@6.4.0/node_modules/@fortawesome/fontawesome-free",
            "link": true
        },
        "node_modules/@sveltejs/adapter-auto": {
            "resolved": "../../node_modules/.pnpm/@sveltejs+adapter-auto@2.1.0_@sveltejs+kit@1.18.0/node_modules/@sveltejs/adapter-auto",
            "link": true
        },
        "node_modules/@sveltejs/adapter-node": {
            "resolved": "../../node_modules/.pnpm/@sveltejs+adapter-node@1.2.4_@sveltejs+kit@1.18.0/node_modules/@sveltejs/adapter-node",
            "link": true
        },
        "node_modules/@sveltejs/adapter-static": {
            "resolved": "../../node_modules/.pnpm/@sveltejs+adapter-static@2.0.2_@sveltejs+kit@1.18.0/node_modules/@sveltejs/adapter-static",
            "link": true
        },
        "node_modules/@sveltejs/kit": {
            "resolved": "../../node_modules/.pnpm/@sveltejs+kit@1.18.0_svelte@3.59.1+vite@4.3.8/node_modules/@sveltejs/kit",
            "link": true
        },
        "node_modules/@types/moment": {
            "resolved": "../../node_modules/.pnpm/@types+moment@2.13.0/node_modules/@types/moment",
            "link": true
        },
        "node_modules/@types/node": {
            "resolved": "../../node_modules/.pnpm/@types+node@18.16.14/node_modules/@types/node",
            "link": true
        },
        "node_modules/@typescript-eslint/eslint-plugin": {
            "resolved": "../../node_modules/.pnpm/@typescript-eslint+eslint-plugin@5.59.7_e0202b5b6b61dbedaf32f10c958aa62a/node_modules/@typescript-eslint/eslint-plugin",
            "link": true
        },
        "node_modules/@typescript-eslint/parser": {
            "resolved": "../../node_modules/.pnpm/@typescript-eslint+parser@5.59.7_eslint@8.41.0+typescript@5.0.4/node_modules/@typescript-eslint/parser",
            "link": true
        },
        "node_modules/@vite-pwa/sveltekit": {
            "resolved": "../../node_modules/.pnpm/@vite-pwa+sveltekit@0.1.3_b7911803b290d12f48c33dcd362a7e90/node_modules/@vite-pwa/sveltekit",
            "link": true
        },
        "node_modules/asynckit": {
            "version": "0.4.0",
            "resolved": "https://registry.npmjs.org/asynckit/-/asynckit-0.4.0.tgz",
            "integrity": "sha512-Oei9OH4tRh0YqU3GxhX79dM/mwVgvbZJaSNaRk+bshkj0S5cfHcgYakreBjrHwatXKbz+IoIdYLxrKim2MjW0Q=="
        },
        "node_modules/axios": {
            "version": "1.7.7",
            "resolved": "https://registry.npmjs.org/axios/-/axios-1.7.7.tgz",
            "integrity": "sha512-S4kL7XrjgBmvdGut0sN3yJxqYzrDOnivkBiN0OFs6hLiUam3UPvswUo0kqGyhqUZGEOytHyumEdXsAkgCOUf3Q==",
            "dependencies": {
                "follow-redirects": "^1.15.6",
                "form-data": "^4.0.0",
                "proxy-from-env": "^1.1.0"
            }
        },
        "node_modules/colorette": {
            "resolved": "../../node_modules/.pnpm/colorette@2.0.20/node_modules/colorette",
            "link": true
        },
        "node_modules/combined-stream": {
            "version": "1.0.8",
            "resolved": "https://registry.npmjs.org/combined-stream/-/combined-stream-1.0.8.tgz",
            "integrity": "sha512-FQN4MRfuJeHf7cBbBMJFXhKSDq+2kAArBlmRBvcvFE5BB1HZKXtSFASDhdlz9zOYwxh8lDdnvmMOe/+5cdoEdg==",
            "dependencies": {
                "delayed-stream": "~1.0.0"
            },
            "engines": {
                "node": ">= 0.8"
            }
        },
        "node_modules/delayed-stream": {
            "version": "1.0.0",
            "resolved": "https://registry.npmjs.org/delayed-stream/-/delayed-stream-1.0.0.tgz",
            "integrity": "sha512-ZySD7Nf91aLB0RxL4KGrKHBXl7Eds1DAmEdcoVawXnLD7SDhpNgtuII2aAkg7a7QS41jxPSZ17p4VdGnMHk3MQ==",
            "engines": {
                "node": ">=0.4.0"
            }
        },
        "node_modules/esbuild": {
            "resolved": "../../node_modules/.pnpm/esbuild@0.17.19/node_modules/esbuild",
            "link": true
        },
        "node_modules/eslint": {
            "resolved": "../../node_modules/.pnpm/eslint@8.41.0/node_modules/eslint",
            "link": true
        },
        "node_modules/eslint-config-prettier": {
            "resolved": "../../node_modules/.pnpm/eslint-config-prettier@8.8.0_eslint@8.41.0/node_modules/eslint-config-prettier",
            "link": true
        },
        "node_modules/eslint-plugin-svelte3": {
            "resolved": "../../node_modules/.pnpm/eslint-plugin-svelte3@4.0.0_eslint@8.41.0+svelte@3.59.1/node_modules/eslint-plugin-svelte3",
            "link": true
        },
        "node_modules/express": {
            "resolved": "../../node_modules/.pnpm/express@4.18.2/node_modules/express",
            "link": true
        },
        "node_modules/follow-redirects": {
            "version": "1.15.9",
            "resolved": "https://registry.npmjs.org/follow-redirects/-/follow-redirects-1.15.9.tgz",
            "integrity": "sha512-gew4GsXizNgdoRyqmyfMHyAmXsZDk6mHkSxZFCzW9gwlbtOW44CDtYavM+y+72qD/Vq2l550kMF52DT8fOLJqQ==",
            "funding": [
                {
                    "type": "individual",
                    "url": "https://github.com/sponsors/RubenVerborgh"
                }
            ],
            "engines": {
                "node": ">=4.0"
            },
            "peerDependenciesMeta": {
                "debug": {
                    "optional": true
                }
            }
        },
        "node_modules/form-data": {
            "version": "4.0.0",
            "resolved": "https://registry.npmjs.org/form-data/-/form-data-4.0.0.tgz",
            "integrity": "sha512-ETEklSGi5t0QMZuiXoA/Q6vcnxcLQP5vdugSpuAyi6SVGi2clPPp+xgEhuMaHC+zGgn31Kd235W35f7Hykkaww==",
            "dependencies": {
                "asynckit": "^0.4.0",
                "combined-stream": "^1.0.8",
                "mime-types": "^2.1.12"
            },
            "engines": {
                "node": ">= 6"
            }
        },
        "node_modules/mime-db": {
            "version": "1.52.0",
            "resolved": "https://registry.npmjs.org/mime-db/-/mime-db-1.52.0.tgz",
            "integrity": "sha512-sPU4uV7dYlvtWJxwwxHD0PuihVNiE7TyAbQ5SWxDCB9mUYvOgroQOwYQQOKPJ8CIbE+1ETVlOoK1UC2nU3gYvg==",
            "engines": {
                "node": ">= 0.6"
            }
        },
        "node_modules/mime-types": {
            "version": "2.1.35",
            "resolved": "https://registry.npmjs.org/mime-types/-/mime-types-2.1.35.tgz",
            "integrity": "sha512-ZDY+bPm5zTTF+YpCrAU9nK0UgICYPT0QtT1NZWFv4s++TNkcgVaT0g6+4R2uI4MjQjzysHB1zxuWL50hzaeXiw==",
            "dependencies": {
                "mime-db": "1.52.0"
            },
            "engines": {
                "node": ">= 0.6"
            }
        },
        "node_modules/moment": {
            "resolved": "../../node_modules/.pnpm/moment@2.29.4/node_modules/moment",
            "link": true
        },
        "node_modules/prettier": {
            "resolved": "../../node_modules/.pnpm/prettier@2.8.8/node_modules/prettier",
            "link": true
        },
        "node_modules/prettier-plugin-svelte": {
            "resolved": "../../node_modules/.pnpm/prettier-plugin-svelte@2.10.0_prettier@2.8.8+svelte@3.59.1/node_modules/prettier-plugin-svelte",
            "link": true
        },
        "node_modules/proxy-from-env": {
            "version": "1.1.0",
            "resolved": "https://registry.npmjs.org/proxy-from-env/-/proxy-from-env-1.1.0.tgz",
            "integrity": "sha512-D+zkORCbA9f1tdWRK0RaCR3GPv50cMxcrz4X8k5LTSUD1Dkw47mKJEZQNunItRTkWwgtaUSo1RVFRIG9ZXiFYg=="
        },
        "node_modules/puppeteer": {
            "resolved": "../../node_modules/.pnpm/puppeteer@19.11.1_typescript@5.0.4/node_modules/puppeteer",
            "link": true
        },
        "node_modules/sass": {
            "resolved": "../../node_modules/.pnpm/sass@1.62.1/node_modules/sass",
            "link": true
        },
        "node_modules/svelte": {
            "resolved": "../../node_modules/.pnpm/svelte@3.59.1/node_modules/svelte",
            "link": true
        },
        "node_modules/svelte-adapter-bun": {
            "resolved": "../../node_modules/.pnpm/svelte-adapter-bun@0.4.3/node_modules/svelte-adapter-bun",
            "link": true
        },
        "node_modules/svelte-check": {
            "resolved": "../../node_modules/.pnpm/svelte-check@3.3.2_sass@1.62.1+svelte@3.59.1/node_modules/svelte-check",
            "link": true
        },
        "node_modules/ts-node": {
            "resolved": "../../node_modules/.pnpm/ts-node@10.9.1_a733274a154fe4dd7d6afbfbf6b91238/node_modules/ts-node",
            "link": true
        },
        "node_modules/tslib": {
            "resolved": "../../node_modules/.pnpm/tslib@2.5.2/node_modules/tslib",
            "link": true
        },
        "node_modules/typescript": {
            "resolved": "../../node_modules/.pnpm/typescript@5.0.4/node_modules/typescript",
            "link": true
        },
        "node_modules/vite": {
            "resolved": "../../node_modules/.pnpm/vite@4.3.8_@types+node@18.16.14+sass@1.62.1/node_modules/vite",
            "link": true
        },
        "node_modules/vite-plugin-pwa": {
            "resolved": "../../node_modules/.pnpm/vite-plugin-pwa@0.14.7_vite@4.3.8/node_modules/vite-plugin-pwa",
            "link": true
        }
    }
}
